
Microsoft Visual Studio Solution File, Format Version 12.00
# Visual Studio Version 17
VisualStudioVersion = 17.11.34909.67
MinimumVisualStudioVersion = 10.0.40219.1
Project("{9A19103F-16F7-4668-BE54-9A1E7A4F7556}") = "GraphemeTableGen", "GraphemeTableGen.csproj", "{968B38ED-4C13-4B56-A91F-CBBAE4C7B21B}"
EndProject
Global
	GlobalSection(SolutionConfigurationPlatforms) = preSolution
		Debug|Any CPU = Debug|Any CPU
		Release|Any CPU = Release|Any CPU
	EndGlobalSection
	GlobalSection(ProjectConfigurationPlatforms) = postSolution
		{968B38ED-4C13-4B56-A91F-CBBAE4C7B21B}.Debug|Any CPU.ActiveCfg = Debug|Any CPU
		{968B38ED-4C13-4B56-A91F-CBBAE4C7B21B}.Debug|Any CPU.Build.0 = Debug|Any CPU
		{968B38ED-4C13-4B56-A91F-CBBAE4C7B21B}.Release|Any CPU.ActiveCfg = Release|Any CPU
		{968B38ED-4C13-4B56-A91F-CBBAE4C7B21B}.Release|Any CPU.Build.0 = Release|Any CPU
	EndGlobalSection
	GlobalSection(SolutionProperties) = preSolution
		HideSolutionNode = FALSE
	EndGlobalSection
	GlobalSection(ExtensibilityGlobals) = postSolution
		SolutionGuid = {5F7C332F-6046-4DEB-BCEA-56E0F109FF0B}
	EndGlobalSection
EndGlobal
